
Microsoft Visual Studio Solution File, Format Version 12.00
# Visual Studio Version 16
VisualStudioVersion = 16.0.30413.136
MinimumVisualStudioVersion = 10.0.40219.1
Project("{FAE04EC0-301F-11D3-BF4B-00C04F79EFBC}") = "RegistroPublicaciones", "RegistroPublicaciones.csproj", "{AB880B93-92C7-4713-817E-96A782B1B048}"
EndProject
Global
	GlobalSection(SolutionConfigurationPlatforms) = preSolution
		Debug|Any CPU = Debug|Any CPU
		Release|Any CPU = Release|Any CPU
	EndGlobalSection
	GlobalSection(ProjectConfigurationPlatforms) = postSolution
		{AB880B93-92C7-4713-817E-96A782B1B048}.Debug|Any CPU.ActiveCfg = Debug|Any CPU
		{AB880B93-92C7-4713-817E-96A782B1B048}.Debug|Any CPU.Build.0 = Debug|Any CPU
		{AB880B93-92C7-4713-817E-96A782B1B048}.Release|Any CPU.ActiveCfg = Release|Any CPU
		{AB880B93-92C7-4713-817E-96A782B1B048}.Release|Any CPU.Build.0 = Release|Any CPU
	EndGlobalSection
	GlobalSection(SolutionProperties) = preSolution
		HideSolutionNode = FALSE
	EndGlobalSection
	GlobalSection(ExtensibilityGlobals) = postSolution
		SolutionGuid = {4B11DA10-E0D6-4170-A10F-692EF203EE47}
	EndGlobalSection
EndGlobal
